
Microsoft Visual Studio Solution File, Format Version 12.00
# Visual Studio Version 16
VisualStudioVersion = 16.0.30717.126
MinimumVisualStudioVersion = 10.0.40219.1
Project("{FAE04EC0-301F-11D3-BF4B-00C04F79EFBC}") = "LAB1.1", "LAB1.1\LAB1.1.csproj", "{AFE153B7-8257-4C12-8F1A-D926C6E663B9}"
EndProject
Project("{FAE04EC0-301F-11D3-BF4B-00C04F79EFBC}") = "LAB1.2", "LAB1.2\LAB1.2.csproj", "{98BFFAC9-D2DA-4C69-902E-35BDB4A4762F}"
EndProject
Global
	GlobalSection(SolutionConfigurationPlatforms) = preSolution
		Debug|Any CPU = Debug|Any CPU
		Release|Any CPU = Release|Any CPU
	EndGlobalSection
	GlobalSection(ProjectConfigurationPlatforms) = postSolution
		{AFE153B7-8257-4C12-8F1A-D926C6E663B9}.Debug|Any CPU.ActiveCfg = Debug|Any CPU
		{AFE153B7-8257-4C12-8F1A-D926C6E663B9}.Debug|Any CPU.Build.0 = Debug|Any CPU
		{AFE153B7-8257-4C12-8F1A-D926C6E663B9}.Release|Any CPU.ActiveCfg = Release|Any CPU
		{AFE153B7-8257-4C12-8F1A-D926C6E663B9}.Release|Any CPU.Build.0 = Release|Any CPU
		{98BFFAC9-D2DA-4C69-902E-35BDB4A4762F}.Debug|Any CPU.ActiveCfg = Debug|Any CPU
		{98BFFAC9-D2DA-4C69-902E-35BDB4A4762F}.Debug|Any CPU.Build.0 = Debug|Any CPU
		{98BFFAC9-D2DA-4C69-902E-35BDB4A4762F}.Release|Any CPU.ActiveCfg = Release|Any CPU
		{98BFFAC9-D2DA-4C69-902E-35BDB4A4762F}.Release|Any CPU.Build.0 = Release|Any CPU
	EndGlobalSection
	GlobalSection(SolutionProperties) = preSolution
		HideSolutionNode = FALSE
	EndGlobalSection
	GlobalSection(ExtensibilityGlobals) = postSolution
		SolutionGuid = {982626DC-309F-4B3E-A5EE-2A1C62311224}
	EndGlobalSection
EndGlobal
