
Microsoft Visual Studio Solution File, Format Version 12.00
# Visual Studio Version 16
VisualStudioVersion = 16.0.30709.132
MinimumVisualStudioVersion = 10.0.40219.1
Project("{FAE04EC0-301F-11D3-BF4B-00C04F79EFBC}") = "ITMO.Laboratories.CS", "ITMO.Laboratories.CS.csproj", "{707E6D5F-2BF7-4724-909F-4424E466CE58}"
EndProject
Project("{FAE04EC0-301F-11D3-BF4B-00C04F79EFBC}") = "LAB1", "..\LAB1.1\LAB1.csproj", "{5E8D11BB-CCD4-4CC1-A1ED-1FB532075D6E}"
EndProject
Project("{FAE04EC0-301F-11D3-BF4B-00C04F79EFBC}") = "LAB1.4", "..\LAB1.4\LAB1.4.csproj", "{2484628D-70ED-4691-B6DB-E5BC193993DD}"
EndProject
Project("{FAE04EC0-301F-11D3-BF4B-00C04F79EFBC}") = "LAB2", "..\LAB2.1\LAB2.csproj", "{CBF12F43-1D38-4D72-B53A-B4FAF7637024}"
EndProject
Project("{FAE04EC0-301F-11D3-BF4B-00C04F79EFBC}") = "LAB3", "..\LAB3.1\LAB3.csproj", "{8B8E6F95-BDAF-46B0-B825-29CC608118A0}"
EndProject
Project("{FAE04EC0-301F-11D3-BF4B-00C04F79EFBC}") = "LAB4", "..\LAB4.1\LAB4.csproj", "{B5AE9FC5-A039-4DD9-AE77-1698207E9B19}"
EndProject
Project("{FAE04EC0-301F-11D3-BF4B-00C04F79EFBC}") = "LAB5", "..\LAB5.1\LAB5.csproj", "{64C80FEE-C6E7-4BD6-87C3-34F37FB9CD51}"
EndProject
Project("{FAE04EC0-301F-11D3-BF4B-00C04F79EFBC}") = "LAB7.2", "LAB7.2\LAB7.2.csproj", "{7B10D1AE-7F7E-4B07-86BB-4306983E386D}"
EndProject
Project("{FAE04EC0-301F-11D3-BF4B-00C04F79EFBC}") = "LAB7.3", "LAB7.3\LAB7.3.csproj", "{8FCC206C-EDB4-4CB9-845B-15D3A4F86E2C}"
EndProject
Project("{FAE04EC0-301F-11D3-BF4B-00C04F79EFBC}") = "LAB7.4", "LAB7.4\LAB7.4.csproj", "{BD688A68-4847-4982-B234-26CEAA301AE3}"
EndProject
Project("{FAE04EC0-301F-11D3-BF4B-00C04F79EFBC}") = "LAB7.5", "LAB7.5\LAB7.5.csproj", "{D9BC71EB-43D4-42FF-B8A6-959210200912}"
EndProject
Project("{FAE04EC0-301F-11D3-BF4B-00C04F79EFBC}") = "LAB8.3", "LAB8.3\LAB8.3.csproj", "{3F2F8D90-357C-491E-A20E-2170A7CE9900}"
EndProject
Project("{FAE04EC0-301F-11D3-BF4B-00C04F79EFBC}") = "LAB6", "LAB6-7\LAB6.csproj", "{9EB4D6AF-F9D1-4F46-AF1B-A3D1E67BCC07}"
EndProject
Project("{FAE04EC0-301F-11D3-BF4B-00C04F79EFBC}") = "LAB8.1-2", "LAB8.1-2\LAB8.1-2.csproj", "{8978C498-3645-4555-90CF-9DC4375B58BF}"
EndProject
Project("{FAE04EC0-301F-11D3-BF4B-00C04F79EFBC}") = "LAB12", "LAB13\LAB12.csproj", "{CA142B9B-0745-429A-A249-A11741E567AD}"
EndProject
Global
	GlobalSection(SolutionConfigurationPlatforms) = preSolution
		Debug|Any CPU = Debug|Any CPU
		Release|Any CPU = Release|Any CPU
	EndGlobalSection
	GlobalSection(ProjectConfigurationPlatforms) = postSolution
		{707E6D5F-2BF7-4724-909F-4424E466CE58}.Debug|Any CPU.ActiveCfg = Debug|Any CPU
		{707E6D5F-2BF7-4724-909F-4424E466CE58}.Debug|Any CPU.Build.0 = Debug|Any CPU
		{707E6D5F-2BF7-4724-909F-4424E466CE58}.Release|Any CPU.ActiveCfg = Release|Any CPU
		{707E6D5F-2BF7-4724-909F-4424E466CE58}.Release|Any CPU.Build.0 = Release|Any CPU
		{5E8D11BB-CCD4-4CC1-A1ED-1FB532075D6E}.Debug|Any CPU.ActiveCfg = Debug|Any CPU
		{5E8D11BB-CCD4-4CC1-A1ED-1FB532075D6E}.Debug|Any CPU.Build.0 = Debug|Any CPU
		{5E8D11BB-CCD4-4CC1-A1ED-1FB532075D6E}.Release|Any CPU.ActiveCfg = Release|Any CPU
		{5E8D11BB-CCD4-4CC1-A1ED-1FB532075D6E}.Release|Any CPU.Build.0 = Release|Any CPU
		{2484628D-70ED-4691-B6DB-E5BC193993DD}.Debug|Any CPU.ActiveCfg = Debug|Any CPU
		{2484628D-70ED-4691-B6DB-E5BC193993DD}.Debug|Any CPU.Build.0 = Debug|Any CPU
		{2484628D-70ED-4691-B6DB-E5BC193993DD}.Release|Any CPU.ActiveCfg = Release|Any CPU
		{2484628D-70ED-4691-B6DB-E5BC193993DD}.Release|Any CPU.Build.0 = Release|Any CPU
		{CBF12F43-1D38-4D72-B53A-B4FAF7637024}.Debug|Any CPU.ActiveCfg = Debug|Any CPU
		{CBF12F43-1D38-4D72-B53A-B4FAF7637024}.Debug|Any CPU.Build.0 = Debug|Any CPU
		{CBF12F43-1D38-4D72-B53A-B4FAF7637024}.Release|Any CPU.ActiveCfg = Release|Any CPU
		{CBF12F43-1D38-4D72-B53A-B4FAF7637024}.Release|Any CPU.Build.0 = Release|Any CPU
		{8B8E6F95-BDAF-46B0-B825-29CC608118A0}.Debug|Any CPU.ActiveCfg = Debug|Any CPU
		{8B8E6F95-BDAF-46B0-B825-29CC608118A0}.Debug|Any CPU.Build.0 = Debug|Any CPU
		{8B8E6F95-BDAF-46B0-B825-29CC608118A0}.Release|Any CPU.ActiveCfg = Release|Any CPU
		{8B8E6F95-BDAF-46B0-B825-29CC608118A0}.Release|Any CPU.Build.0 = Release|Any CPU
		{B5AE9FC5-A039-4DD9-AE77-1698207E9B19}.Debug|Any CPU.ActiveCfg = Debug|Any CPU
		{B5AE9FC5-A039-4DD9-AE77-1698207E9B19}.Debug|Any CPU.Build.0 = Debug|Any CPU
		{B5AE9FC5-A039-4DD9-AE77-1698207E9B19}.Release|Any CPU.ActiveCfg = Release|Any CPU
		{B5AE9FC5-A039-4DD9-AE77-1698207E9B19}.Release|Any CPU.Build.0 = Release|Any CPU
		{64C80FEE-C6E7-4BD6-87C3-34F37FB9CD51}.Debug|Any CPU.ActiveCfg = Debug|Any CPU
		{64C80FEE-C6E7-4BD6-87C3-34F37FB9CD51}.Debug|Any CPU.Build.0 = Debug|Any CPU
		{64C80FEE-C6E7-4BD6-87C3-34F37FB9CD51}.Release|Any CPU.ActiveCfg = Release|Any CPU
		{64C80FEE-C6E7-4BD6-87C3-34F37FB9CD51}.Release|Any CPU.Build.0 = Release|Any CPU
		{7B10D1AE-7F7E-4B07-86BB-4306983E386D}.Debug|Any CPU.ActiveCfg = Debug|Any CPU
		{7B10D1AE-7F7E-4B07-86BB-4306983E386D}.Debug|Any CPU.Build.0 = Debug|Any CPU
		{7B10D1AE-7F7E-4B07-86BB-4306983E386D}.Release|Any CPU.ActiveCfg = Release|Any CPU
		{7B10D1AE-7F7E-4B07-86BB-4306983E386D}.Release|Any CPU.Build.0 = Release|Any CPU
		{8FCC206C-EDB4-4CB9-845B-15D3A4F86E2C}.Debug|Any CPU.ActiveCfg = Debug|Any CPU
		{8FCC206C-EDB4-4CB9-845B-15D3A4F86E2C}.Debug|Any CPU.Build.0 = Debug|Any CPU
		{8FCC206C-EDB4-4CB9-845B-15D3A4F86E2C}.Release|Any CPU.ActiveCfg = Release|Any CPU
		{8FCC206C-EDB4-4CB9-845B-15D3A4F86E2C}.Release|Any CPU.Build.0 = Release|Any CPU
		{BD688A68-4847-4982-B234-26CEAA301AE3}.Debug|Any CPU.ActiveCfg = Debug|Any CPU
		{BD688A68-4847-4982-B234-26CEAA301AE3}.Debug|Any CPU.Build.0 = Debug|Any CPU
		{BD688A68-4847-4982-B234-26CEAA301AE3}.Release|Any CPU.ActiveCfg = Release|Any CPU
		{BD688A68-4847-4982-B234-26CEAA301AE3}.Release|Any CPU.Build.0 = Release|Any CPU
		{D9BC71EB-43D4-42FF-B8A6-959210200912}.Debug|Any CPU.ActiveCfg = Debug|Any CPU
		{D9BC71EB-43D4-42FF-B8A6-959210200912}.Debug|Any CPU.Build.0 = Debug|Any CPU
		{D9BC71EB-43D4-42FF-B8A6-959210200912}.Release|Any CPU.ActiveCfg = Release|Any CPU
		{D9BC71EB-43D4-42FF-B8A6-959210200912}.Release|Any CPU.Build.0 = Release|Any CPU
		{3F2F8D90-357C-491E-A20E-2170A7CE9900}.Debug|Any CPU.ActiveCfg = Debug|Any CPU
		{3F2F8D90-357C-491E-A20E-2170A7CE9900}.Debug|Any CPU.Build.0 = Debug|Any CPU
		{3F2F8D90-357C-491E-A20E-2170A7CE9900}.Release|Any CPU.ActiveCfg = Release|Any CPU
		{3F2F8D90-357C-491E-A20E-2170A7CE9900}.Release|Any CPU.Build.0 = Release|Any CPU
		{9EB4D6AF-F9D1-4F46-AF1B-A3D1E67BCC07}.Debug|Any CPU.ActiveCfg = Debug|Any CPU
		{9EB4D6AF-F9D1-4F46-AF1B-A3D1E67BCC07}.Debug|Any CPU.Build.0 = Debug|Any CPU
		{9EB4D6AF-F9D1-4F46-AF1B-A3D1E67BCC07}.Release|Any CPU.ActiveCfg = Release|Any CPU
		{9EB4D6AF-F9D1-4F46-AF1B-A3D1E67BCC07}.Release|Any CPU.Build.0 = Release|Any CPU
		{8978C498-3645-4555-90CF-9DC4375B58BF}.Debug|Any CPU.ActiveCfg = Debug|Any CPU
		{8978C498-3645-4555-90CF-9DC4375B58BF}.Debug|Any CPU.Build.0 = Debug|Any CPU
		{8978C498-3645-4555-90CF-9DC4375B58BF}.Release|Any CPU.ActiveCfg = Release|Any CPU
		{8978C498-3645-4555-90CF-9DC4375B58BF}.Release|Any CPU.Build.0 = Release|Any CPU
		{CA142B9B-0745-429A-A249-A11741E567AD}.Debug|Any CPU.ActiveCfg = Debug|Any CPU
		{CA142B9B-0745-429A-A249-A11741E567AD}.Debug|Any CPU.Build.0 = Debug|Any CPU
		{CA142B9B-0745-429A-A249-A11741E567AD}.Release|Any CPU.ActiveCfg = Release|Any CPU
		{CA142B9B-0745-429A-A249-A11741E567AD}.Release|Any CPU.Build.0 = Release|Any CPU
	EndGlobalSection
	GlobalSection(SolutionProperties) = preSolution
		HideSolutionNode = FALSE
	EndGlobalSection
	GlobalSection(ExtensibilityGlobals) = postSolution
		SolutionGuid = {26DC9F0E-2A49-464A-8249-99BC26C3F6C6}
	EndGlobalSection
EndGlobal
