
Microsoft Visual Studio Solution File, Format Version 12.00
# Visual Studio Version 16
VisualStudioVersion = 16.0.30717.126
MinimumVisualStudioVersion = 10.0.40219.1
Project("{FAE04EC0-301F-11D3-BF4B-00C04F79EFBC}") = "ITMO_ADO_EXAM", "ITMO_ADO_EXAM.csproj", "{70644366-16B6-4197-A4B0-EBE6C9E79066}"
EndProject
Global
	GlobalSection(SolutionConfigurationPlatforms) = preSolution
		Debug|Any CPU = Debug|Any CPU
		Release|Any CPU = Release|Any CPU
	EndGlobalSection
	GlobalSection(ProjectConfigurationPlatforms) = postSolution
		{70644366-16B6-4197-A4B0-EBE6C9E79066}.Debug|Any CPU.ActiveCfg = Debug|Any CPU
		{70644366-16B6-4197-A4B0-EBE6C9E79066}.Debug|Any CPU.Build.0 = Debug|Any CPU
		{70644366-16B6-4197-A4B0-EBE6C9E79066}.Release|Any CPU.ActiveCfg = Release|Any CPU
		{70644366-16B6-4197-A4B0-EBE6C9E79066}.Release|Any CPU.Build.0 = Release|Any CPU
	EndGlobalSection
	GlobalSection(SolutionProperties) = preSolution
		HideSolutionNode = FALSE
	EndGlobalSection
	GlobalSection(ExtensibilityGlobals) = postSolution
		SolutionGuid = {FDE9EF6D-1CAC-4385-A2A7-71E73EA1CBAA}
	EndGlobalSection
EndGlobal
